
Microsoft Visual Studio Solution File, Format Version 12.00
# Visual Studio Version 17
VisualStudioVersion = 17.0.32014.148
MinimumVisualStudioVersion = 10.0.40219.1
Project("{FAE04EC0-301F-11D3-BF4B-00C04F79EFBC}") = "manger", "manger\manger.csproj", "{B426DF2B-875E-45D9-A0C3-7324E4E8E5CE}"
EndProject
Global
	GlobalSection(SolutionConfigurationPlatforms) = preSolution
		Debug|Any CPU = Debug|Any CPU
		Release|Any CPU = Release|Any CPU
	EndGlobalSection
	GlobalSection(ProjectConfigurationPlatforms) = postSolution
		{B426DF2B-875E-45D9-A0C3-7324E4E8E5CE}.Debug|Any CPU.ActiveCfg = Debug|Any CPU
		{B426DF2B-875E-45D9-A0C3-7324E4E8E5CE}.Debug|Any CPU.Build.0 = Debug|Any CPU
		{B426DF2B-875E-45D9-A0C3-7324E4E8E5CE}.Release|Any CPU.ActiveCfg = Release|Any CPU
		{B426DF2B-875E-45D9-A0C3-7324E4E8E5CE}.Release|Any CPU.Build.0 = Release|Any CPU
	EndGlobalSection
	GlobalSection(SolutionProperties) = preSolution
		HideSolutionNode = FALSE
	EndGlobalSection
	GlobalSection(ExtensibilityGlobals) = postSolution
		SolutionGuid = {F49B52F5-BD89-4508-8233-9D20B1081AE1}
	EndGlobalSection
EndGlobal
